
Microsoft Visual Studio Solution File, Format Version 12.00
# Visual Studio Version 16
VisualStudioVersion = 16.0.28803.352
MinimumVisualStudioVersion = 10.0.40219.1
Project("{FAE04EC0-301F-11D3-BF4B-00C04F79EFBC}") = "Stiker", "Stiker\Stiker.csproj", "{5219CE0D-56BF-486C-B852-C70148C60C05}"
EndProject
Global
	GlobalSection(SolutionConfigurationPlatforms) = preSolution
		Debug|Any CPU = Debug|Any CPU
		Release|Any CPU = Release|Any CPU
	EndGlobalSection
	GlobalSection(ProjectConfigurationPlatforms) = postSolution
		{5219CE0D-56BF-486C-B852-C70148C60C05}.Debug|Any CPU.ActiveCfg = Debug|Any CPU
		{5219CE0D-56BF-486C-B852-C70148C60C05}.Debug|Any CPU.Build.0 = Debug|Any CPU
		{5219CE0D-56BF-486C-B852-C70148C60C05}.Release|Any CPU.ActiveCfg = Release|Any CPU
		{5219CE0D-56BF-486C-B852-C70148C60C05}.Release|Any CPU.Build.0 = Release|Any CPU
	EndGlobalSection
	GlobalSection(SolutionProperties) = preSolution
		HideSolutionNode = FALSE
	EndGlobalSection
	GlobalSection(ExtensibilityGlobals) = postSolution
		SolutionGuid = {5A6967E5-51B0-4EA4-84A8-59B2C4EA76F1}
	EndGlobalSection
EndGlobal
